
Microsoft Visual Studio Solution File, Format Version 12.00
# Visual Studio Version 17
VisualStudioVersion = 17.1.32210.238
MinimumVisualStudioVersion = 10.0.40219.1
Project("{9A19103F-16F7-4668-BE54-9A1E7A4F7556}") = "GeoRoute.Platform.Tracking.Api", "GeoRoute.Platform.Tracking.Api\GeoRoute.Platform.Tracking.Api.csproj", "{319F481D-A56F-499F-AA9D-7B04239C6597}"
EndProject
Project("{9A19103F-16F7-4668-BE54-9A1E7A4F7556}") = "GeoRoute.Platform.Tracking.DataMapping", "GeoRoute.Platform.Tracking.DataMapping\GeoRoute.Platform.Tracking.DataMapping.csproj", "{DF18F05F-F814-479E-AB92-9B1AAD2DD9CD}"
EndProject
Project("{9A19103F-16F7-4668-BE54-9A1E7A4F7556}") = "GeoRoute.Platform.Tracking.Data", "GeoRoute.Platform.Tracking.Data\GeoRoute.Platform.Tracking.Data.csproj", "{4E2E6516-242F-4BE1-B4ED-168E3161B1D8}"
EndProject
Project("{9A19103F-16F7-4668-BE54-9A1E7A4F7556}") = "GeoRoute.Platform.Tracking.DataAccess", "GeoRoute.Platform.Tracking.DataAccess\GeoRoute.Platform.Tracking.DataAccess.csproj", "{58B0DB02-6914-4E9F-9540-D4B4D4D30FA5}"
EndProject
Project("{2150E333-8FDC-42A3-9474-1A3956D46DE8}") = "Solution Items", "Solution Items", "{A64DBD21-1505-4C70-AD44-EC7DC06BD7D8}"
	ProjectSection(SolutionItems) = preProject
		.editorconfig = .editorconfig
		.gitignore = .gitignore
		CHANGELOG.md = CHANGELOG.md
		README.md = README.md
	EndProjectSection
EndProject
Global
	GlobalSection(SolutionConfigurationPlatforms) = preSolution
		Debug|Any CPU = Debug|Any CPU
		Release|Any CPU = Release|Any CPU
	EndGlobalSection
	GlobalSection(ProjectConfigurationPlatforms) = postSolution
		{319F481D-A56F-499F-AA9D-7B04239C6597}.Debug|Any CPU.ActiveCfg = Debug|Any CPU
		{319F481D-A56F-499F-AA9D-7B04239C6597}.Debug|Any CPU.Build.0 = Debug|Any CPU
		{319F481D-A56F-499F-AA9D-7B04239C6597}.Release|Any CPU.ActiveCfg = Release|Any CPU
		{319F481D-A56F-499F-AA9D-7B04239C6597}.Release|Any CPU.Build.0 = Release|Any CPU
		{DF18F05F-F814-479E-AB92-9B1AAD2DD9CD}.Debug|Any CPU.ActiveCfg = Debug|Any CPU
		{DF18F05F-F814-479E-AB92-9B1AAD2DD9CD}.Debug|Any CPU.Build.0 = Debug|Any CPU
		{DF18F05F-F814-479E-AB92-9B1AAD2DD9CD}.Release|Any CPU.ActiveCfg = Release|Any CPU
		{DF18F05F-F814-479E-AB92-9B1AAD2DD9CD}.Release|Any CPU.Build.0 = Release|Any CPU
		{4E2E6516-242F-4BE1-B4ED-168E3161B1D8}.Debug|Any CPU.ActiveCfg = Debug|Any CPU
		{4E2E6516-242F-4BE1-B4ED-168E3161B1D8}.Debug|Any CPU.Build.0 = Debug|Any CPU
		{4E2E6516-242F-4BE1-B4ED-168E3161B1D8}.Release|Any CPU.ActiveCfg = Release|Any CPU
		{4E2E6516-242F-4BE1-B4ED-168E3161B1D8}.Release|Any CPU.Build.0 = Release|Any CPU
		{58B0DB02-6914-4E9F-9540-D4B4D4D30FA5}.Debug|Any CPU.ActiveCfg = Debug|Any CPU
		{58B0DB02-6914-4E9F-9540-D4B4D4D30FA5}.Debug|Any CPU.Build.0 = Debug|Any CPU
		{58B0DB02-6914-4E9F-9540-D4B4D4D30FA5}.Release|Any CPU.ActiveCfg = Release|Any CPU
		{58B0DB02-6914-4E9F-9540-D4B4D4D30FA5}.Release|Any CPU.Build.0 = Release|Any CPU
	EndGlobalSection
	GlobalSection(SolutionProperties) = preSolution
		HideSolutionNode = FALSE
	EndGlobalSection
	GlobalSection(ExtensibilityGlobals) = postSolution
		SolutionGuid = {ED5C7AA2-5BD3-4813-840C-ACAC94EBF20C}
	EndGlobalSection
EndGlobal
